
Microsoft Visual Studio Solution File, Format Version 12.00
# Visual Studio 15
Project("{FAE04EC0-301F-11D3-BF4B-00C04F79EFBC}") = "Akashiyaki01c.PlatformDoorPlugin", "Akashiyaki01c.PlatformDoorPlugin.csproj", "{0EF28638-EB0E-4510-8EF0-5110B6BD868E}"
EndProject
Global
	GlobalSection(SolutionConfigurationPlatforms) = preSolution
		Debug|Any CPU = Debug|Any CPU
		Release|Any CPU = Release|Any CPU
	EndGlobalSection
	GlobalSection(ProjectConfigurationPlatforms) = postSolution
		{0EF28638-EB0E-4510-8EF0-5110B6BD868E}.Debug|Any CPU.ActiveCfg = Debug|Any CPU
		{0EF28638-EB0E-4510-8EF0-5110B6BD868E}.Debug|Any CPU.Build.0 = Debug|Any CPU
		{0EF28638-EB0E-4510-8EF0-5110B6BD868E}.Release|Any CPU.ActiveCfg = Release|Any CPU
		{0EF28638-EB0E-4510-8EF0-5110B6BD868E}.Release|Any CPU.Build.0 = Release|Any CPU
	EndGlobalSection
EndGlobal
